<?xml version="1.0" encoding="utf-8"?>
<Project ToolsVersion="4.0" xmlns="http://schemas.microsoft.com/developer/msbuild/2003">
  <ItemGroup>
    <Filter Include="Source Files">
      <UniqueIdentifier>{4FC737F1-C7A5-4376-A066-2A32D752A2FF}</UniqueIdentifier>
      <Extensions>cpp;c;cc;cxx;c++;cppm;ixx;def;odl;idl;hpj;bat;asm;asmx</Extensions>
    </Filter>
    <Filter Include="Header Files">
      <UniqueIdentifier>{93995380-89BD-4b04-88EB-625FBE52EBFB}</UniqueIdentifier>
      <Extensions>h;hh;hpp;hxx;h++;hm;inl;inc;ipp;xsd</Extensions>
    </Filter>
    <Filter Include="Resource Files">
      <UniqueIdentifier>{67DA6AB6-F800-4c08-8B7A-83BB121AAD01}</UniqueIdentifier>
      <Extensions>rc;ico;cur;bmp;dlg;rc2;rct;bin;rgs;gif;jpg;jpeg;jpe;resx;tiff;tif;png;wav;mfcribbon-ms</Extensions>
    </Filter>
    <Filter Include="Config">
      <UniqueIdentifier>{e09ad9f7-c18b-48da-ade2-e5841f3b5d81}</UniqueIdentifier>
    </Filter>
    <Filter Include="bcrypt">
      <UniqueIdentifier>{908cf1d6-cc40-40f4-8645-53ee6e25b50f}</UniqueIdentifier>
    </Filter>
    <Filter Include="Functions">
      <UniqueIdentifier>{60526525-ba49-4d28-a2a7-9c322bbf9412}</UniqueIdentifier>
    </Filter>
    <Filter Include="Classes">
      <UniqueIdentifier>{6c0ed41a-ad6d-478c-abac-2b37e4ffb3ae}</UniqueIdentifier>
    </Filter>
    <Filter Include="UserControls">
      <UniqueIdentifier>{0962f2cd-189b-4d02-87a1-19e0db49e23e}</UniqueIdentifier>
    </Filter>
    <Filter Include="Nested Forms">
      <UniqueIdentifier>{7cd1fd55-162e-406c-9a4a-a11c68a179ed}</UniqueIdentifier>
    </Filter>
  </ItemGroup>
  <ItemGroup>
    <ClCompile Include="src\AccountUC.cpp">
      <Filter>Source Files</Filter>
    </ClCompile>
    <ClCompile Include="src\BillsUC.cpp">
      <Filter>Source Files</Filter>
    </ClCompile>
    <ClCompile Include="src\ChangePassword.cpp">
      <Filter>Source Files</Filter>
    </ClCompile>
    <ClCompile Include="src\ContractorsUC.cpp">
      <Filter>Source Files</Filter>
    </ClCompile>
    <ClCompile Include="src\CreateBill.cpp">
      <Filter>Source Files</Filter>
    </ClCompile>
    <ClCompile Include="src\CreateContractor.cpp">
      <Filter>Source Files</Filter>
    </ClCompile>
    <ClCompile Include="src\HistoryForm.cpp">
      <Filter>Source Files</Filter>
    </ClCompile>
    <ClCompile Include="src\LoginForm.cpp">
      <Filter>Source Files</Filter>
    </ClCompile>
    <ClCompile Include="src\MainForm.cpp">
      <Filter>Source Files</Filter>
    </ClCompile>
    <ClCompile Include="src\PasswordForm.cpp">
      <Filter>Source Files</Filter>
    </ClCompile>
    <ClCompile Include="src\PaymentUC.cpp">
      <Filter>Source Files</Filter>
    </ClCompile>
    <ClCompile Include="src\Program.cpp">
      <Filter>Source Files</Filter>
    </ClCompile>
    <ClCompile Include="src\RegisterForm.cpp">
      <Filter>Source Files</Filter>
    </ClCompile>
    <ClCompile Include="src\RemoveBill.cpp">
      <Filter>Source Files</Filter>
    </ClCompile>
    <ClCompile Include="src\SelectContractor.cpp">
      <Filter>Source Files</Filter>
    </ClCompile>
    <ClCompile Include="src\SettingsUC.cpp">
      <Filter>Source Files</Filter>
    </ClCompile>
    <ClCompile Include="src\TransferUC.cpp">
      <Filter>Source Files</Filter>
    </ClCompile>
    <ClCompile Include="src\vendor\bcrypt\bcrypt.cpp">
      <Filter>Source Files</Filter>
    </ClCompile>
    <ClCompile Include="src\vendor\bcrypt\blowfish.cpp">
      <Filter>Source Files</Filter>
    </ClCompile>
  </ItemGroup>
  <ItemGroup>
    <ClInclude Include="src\AccountUC.h">
      <Filter>Header Files</Filter>
    </ClInclude>
    <ClInclude Include="src\ArrayCheck.h">
      <Filter>Header Files</Filter>
    </ClInclude>
    <ClInclude Include="src\BillsUC.h">
      <Filter>Header Files</Filter>
    </ClInclude>
    <ClInclude Include="src\ChangePassword.h">
      <Filter>Header Files</Filter>
    </ClInclude>
    <ClInclude Include="src\ComboItem.h">
      <Filter>Header Files</Filter>
    </ClInclude>
    <ClInclude Include="src\ContractorsUC.h">
      <Filter>Header Files</Filter>
    </ClInclude>
    <ClInclude Include="src\CreateBill.h">
      <Filter>Header Files</Filter>
    </ClInclude>
    <ClInclude Include="src\CreateContractor.h">
      <Filter>Header Files</Filter>
    </ClInclude>
    <ClInclude Include="src\Database.h">
      <Filter>Header Files</Filter>
    </ClInclude>
    <ClInclude Include="src\HistoryForm.h">
      <Filter>Header Files</Filter>
    </ClInclude>
    <ClInclude Include="src\LoginForm.h">
      <Filter>Header Files</Filter>
    </ClInclude>
    <ClInclude Include="src\MainForm.h">
      <Filter>Header Files</Filter>
    </ClInclude>
    <ClInclude Include="src\PasswordForm.h">
      <Filter>Header Files</Filter>
    </ClInclude>
    <ClInclude Include="src\PaymentUC.h">
      <Filter>Header Files</Filter>
    </ClInclude>
    <ClInclude Include="src\PersonDetailsConstraints.h">
      <Filter>Header Files</Filter>
    </ClInclude>
    <ClInclude Include="src\RegisterForm.h">
      <Filter>Header Files</Filter>
    </ClInclude>
    <ClInclude Include="src\RemoveBill.h">
      <Filter>Header Files</Filter>
    </ClInclude>
    <ClInclude Include="src\SelectContractor.h">
      <Filter>Header Files</Filter>
    </ClInclude>
    <ClInclude Include="src\SettingsUC.h">
      <Filter>Header Files</Filter>
    </ClInclude>
    <ClInclude Include="src\StringConversion.h">
      <Filter>Header Files</Filter>
    </ClInclude>
    <ClInclude Include="src\TransferUC.h">
      <Filter>Header Files</Filter>
    </ClInclude>
    <ClInclude Include="src\User.h">
      <Filter>Header Files</Filter>
    </ClInclude>
    <ClInclude Include="src\vendor\bcrypt\bcrypt.h">
      <Filter>Header Files</Filter>
    </ClInclude>
    <ClInclude Include="src\vendor\bcrypt\node_blf.h">
      <Filter>Header Files</Filter>
    </ClInclude>
    <ClInclude Include="src\vendor\bcrypt\openbsd.h">
      <Filter>Header Files</Filter>
    </ClInclude>
  </ItemGroup>
  <ItemGroup>
    <EmbeddedResource Include="AccountUC.resx">
      <Filter>Resource Files</Filter>
    </EmbeddedResource>
    <EmbeddedResource Include="BillsUC.resx">
      <Filter>Resource Files</Filter>
    </EmbeddedResource>
    <EmbeddedResource Include="ChangePassword.resx">
      <Filter>Resource Files</Filter>
    </EmbeddedResource>
    <EmbeddedResource Include="ContractorsUC.resx">
      <Filter>Resource Files</Filter>
    </EmbeddedResource>
    <EmbeddedResource Include="CreateBill.resx">
      <Filter>Resource Files</Filter>
    </EmbeddedResource>
    <EmbeddedResource Include="CreateContractor.resx">
      <Filter>Resource Files</Filter>
    </EmbeddedResource>
    <EmbeddedResource Include="HistoryForm.resx">
      <Filter>Resource Files</Filter>
    </EmbeddedResource>
    <EmbeddedResource Include="LoginForm.resx">
      <Filter>Resource Files</Filter>
    </EmbeddedResource>
    <EmbeddedResource Include="MainForm.resx">
      <Filter>Resource Files</Filter>
    </EmbeddedResource>
    <EmbeddedResource Include="PasswordForm.resx">
      <Filter>Resource Files</Filter>
    </EmbeddedResource>
    <EmbeddedResource Include="PaymentUC.resx">
      <Filter>Resource Files</Filter>
    </EmbeddedResource>
    <EmbeddedResource Include="RegisterForm.resx">
      <Filter>Resource Files</Filter>
    </EmbeddedResource>
    <EmbeddedResource Include="RemoveBill.resx">
      <Filter>Resource Files</Filter>
    </EmbeddedResource>
    <EmbeddedResource Include="SelectContractor.resx">
      <Filter>Resource Files</Filter>
    </EmbeddedResource>
    <EmbeddedResource Include="SettingsUC.resx">
      <Filter>Resource Files</Filter>
    </EmbeddedResource>
    <EmbeddedResource Include="TransferUC.resx">
      <Filter>Resource Files</Filter>
    </EmbeddedResource>
  </ItemGroup>
</Project>