
Microsoft Visual Studio Solution File, Format Version 12.00
# Visual Studio Version 17
VisualStudioVersion = 17.4.33122.133
MinimumVisualStudioVersion = 10.0.40219.1
Project("{8BC9CEB8-8B4A-11D0-8D11-00A0C91BC942}") = "AGHBank", "AGHBank\AGHBank.vcxproj", "{830FFA97-3AC4-49CD-B594-45B7D2D381E6}"
EndProject
Project("{54435603-DBB4-11D2-8724-00A0C9A8B90C}") = "AGHBank Installer", "Bank Installer\Bank Installer.vdproj", "{DA46782B-58FA-4C20-8159-9ABEA67B8C38}"
EndProject
Global
	GlobalSection(SolutionConfigurationPlatforms) = preSolution
		Debug|x64 = Debug|x64
		Debug|x86 = Debug|x86
		Release|x64 = Release|x64
		Release|x86 = Release|x86
	EndGlobalSection
	GlobalSection(ProjectConfigurationPlatforms) = postSolution
		{830FFA97-3AC4-49CD-B594-45B7D2D381E6}.Debug|x64.ActiveCfg = Debug|x64
		{830FFA97-3AC4-49CD-B594-45B7D2D381E6}.Debug|x64.Build.0 = Debug|x64
		{830FFA97-3AC4-49CD-B594-45B7D2D381E6}.Debug|x86.ActiveCfg = Debug|Win32
		{830FFA97-3AC4-49CD-B594-45B7D2D381E6}.Debug|x86.Build.0 = Debug|Win32
		{830FFA97-3AC4-49CD-B594-45B7D2D381E6}.Release|x64.ActiveCfg = Release|x64
		{830FFA97-3AC4-49CD-B594-45B7D2D381E6}.Release|x64.Build.0 = Release|x64
		{830FFA97-3AC4-49CD-B594-45B7D2D381E6}.Release|x86.ActiveCfg = Release|Win32
		{830FFA97-3AC4-49CD-B594-45B7D2D381E6}.Release|x86.Build.0 = Release|Win32
		{DA46782B-58FA-4C20-8159-9ABEA67B8C38}.Debug|x64.ActiveCfg = Debug
		{DA46782B-58FA-4C20-8159-9ABEA67B8C38}.Debug|x64.Build.0 = Debug
		{DA46782B-58FA-4C20-8159-9ABEA67B8C38}.Debug|x86.ActiveCfg = Debug
		{DA46782B-58FA-4C20-8159-9ABEA67B8C38}.Release|x64.ActiveCfg = Release
		{DA46782B-58FA-4C20-8159-9ABEA67B8C38}.Release|x64.Build.0 = Release
		{DA46782B-58FA-4C20-8159-9ABEA67B8C38}.Release|x86.ActiveCfg = Release
	EndGlobalSection
	GlobalSection(SolutionProperties) = preSolution
		HideSolutionNode = FALSE
	EndGlobalSection
	GlobalSection(ExtensibilityGlobals) = postSolution
		SolutionGuid = {F7C41C07-D7D9-4DAD-BBD5-F0E9D78EA248}
	EndGlobalSection
EndGlobal
